<Solution>
  <Folder Name="/Solution Items/">
    <File Path="compose.yaml" />
  </Folder>
  <Folder Name="/Tests/">
    <Project Path="Janus.Api.Tests/Janus.Api.Tests.csproj" />
    <Project Path="Janus.Application.Tests/Janus.Application.Tests.csproj" />
    <Project Path="Janus.Domain.Tests/Janus.Domain.Tests.csproj" />
    <Project Path="Janus.Infrastructure.Tests/Janus.Infrastructure.Tests.csproj" />
    <Project Path="Janus.IoC.Tests/Janus.IoC.Tests.csproj" />
  </Folder>
  <Project Path="Janus.Api/Janus.Api.csproj" />
  <Project Path="Janus.Application/Janus.Application.csproj" />
  <Project Path="Janus.Domain/Janus.Domain.csproj" />
  <Project Path="Janus.Dtos/Janus.Dtos.csproj" />
  <Project Path="Janus.Infrastructure/Janus.Infrastructure.csproj" />
  <Project Path="Janus.IoC/Janus.IoC.csproj" />
</Solution>
